
Microsoft Visual Studio Solution File, Format Version 12.00
# Visual Studio Version 16
VisualStudioVersion = 16.0.30907.101
MinimumVisualStudioVersion = 10.0.40219.1
Project("{FAE04EC0-301F-11D3-BF4B-00C04F79EFBC}") = "FtpDemo", "FtpDemo.csproj", "{FD7FE68F-1EB4-468D-AF26-7A11E2C4BC5E}"
EndProject
Global
	GlobalSection(SolutionConfigurationPlatforms) = preSolution
		Debug|Any CPU = Debug|Any CPU
		Release|Any CPU = Release|Any CPU
	EndGlobalSection
	GlobalSection(ProjectConfigurationPlatforms) = postSolution
		{FD7FE68F-1EB4-468D-AF26-7A11E2C4BC5E}.Debug|Any CPU.ActiveCfg = Debug|Any CPU
		{FD7FE68F-1EB4-468D-AF26-7A11E2C4BC5E}.Debug|Any CPU.Build.0 = Debug|Any CPU
		{FD7FE68F-1EB4-468D-AF26-7A11E2C4BC5E}.Release|Any CPU.ActiveCfg = Release|Any CPU
		{FD7FE68F-1EB4-468D-AF26-7A11E2C4BC5E}.Release|Any CPU.Build.0 = Release|Any CPU
	EndGlobalSection
	GlobalSection(SolutionProperties) = preSolution
		HideSolutionNode = FALSE
	EndGlobalSection
	GlobalSection(ExtensibilityGlobals) = postSolution
		SolutionGuid = {F70783C7-B9E5-4BA1-B031-F7602588D70E}
	EndGlobalSection
EndGlobal
